
Microsoft Visual Studio Solution File, Format Version 12.00
# Visual Studio Version 16
VisualStudioVersion = 16.0.30804.86
MinimumVisualStudioVersion = 10.0.40219.1
Project("{2150E333-8FDC-42A3-9474-1A3956D46DE8}") = "Data", "Data", "{AC8DEC30-B5E1-4CC9-B199-BAE420252162}"
EndProject
Project("{9A19103F-16F7-4668-BE54-9A1E7A4F7556}") = "UMS.Data", "UMS.Data\UMS.Data.csproj", "{0D1AF7E7-A929-4FFF-8C25-3AFB43A7292C}"
EndProject
Project("{9A19103F-16F7-4668-BE54-9A1E7A4F7556}") = "UMS.Data.Common", "UMS.Data.Common\UMS.Data.Common.csproj", "{D3FD0E00-EED8-428A-953F-2B142CF96BF1}"
EndProject
Project("{9A19103F-16F7-4668-BE54-9A1E7A4F7556}") = "UMS.Data.Models", "UMS.Data.Models\UMS.Data.Models.csproj", "{72BE284F-3691-4930-8203-638DD5F1AEC4}"
EndProject
Project("{2150E333-8FDC-42A3-9474-1A3956D46DE8}") = "Services", "Services", "{D3E59A93-57F4-4EF7-B9BC-BD93165ED0B8}"
EndProject
Project("{9A19103F-16F7-4668-BE54-9A1E7A4F7556}") = "UMS.Services", "UMS.Services\UMS.Services.csproj", "{582F2F07-2C7D-44B6-9D4C-9DA1525CB380}"
EndProject
Project("{9A19103F-16F7-4668-BE54-9A1E7A4F7556}") = "UMS.Services.Data", "UMS.Services.Data\UMS.Services.Data.csproj", "{A14D8739-B6FB-4B92-9161-E26D200E5BF1}"
EndProject
Project("{2150E333-8FDC-42A3-9474-1A3956D46DE8}") = "Web", "Web", "{E7C1581D-9BEE-4483-A3FA-BADDB6A81A39}"
EndProject
Project("{9A19103F-16F7-4668-BE54-9A1E7A4F7556}") = "UMS.Web", "UMS.Web\UMS.Web.csproj", "{5B541BC5-4587-449B-BB1D-7A40029F33D0}"
EndProject
Project("{9A19103F-16F7-4668-BE54-9A1E7A4F7556}") = "UMS.Web.Infrastructure", "UMS.Web.Infrastructure\UMS.Web.Infrastructure.csproj", "{29F5CC08-19BE-434C-9F07-87168443A74D}"
EndProject
Project("{9A19103F-16F7-4668-BE54-9A1E7A4F7556}") = "UMS.Web.ViewModels", "UMS.Web.ViewModels\UMS.Web.ViewModels.csproj", "{0791D162-4837-435B-97E4-9607444123F7}"
EndProject
Project("{9A19103F-16F7-4668-BE54-9A1E7A4F7556}") = "UMS.Common", "UMS.Common\UMS.Common.csproj", "{0389D80B-C671-4F02-87FA-3B33FCB7F5FC}"
EndProject
Global
	GlobalSection(SolutionConfigurationPlatforms) = preSolution
		Debug|Any CPU = Debug|Any CPU
		Release|Any CPU = Release|Any CPU
	EndGlobalSection
	GlobalSection(ProjectConfigurationPlatforms) = postSolution
		{0D1AF7E7-A929-4FFF-8C25-3AFB43A7292C}.Debug|Any CPU.ActiveCfg = Debug|Any CPU
		{0D1AF7E7-A929-4FFF-8C25-3AFB43A7292C}.Debug|Any CPU.Build.0 = Debug|Any CPU
		{0D1AF7E7-A929-4FFF-8C25-3AFB43A7292C}.Release|Any CPU.ActiveCfg = Release|Any CPU
		{0D1AF7E7-A929-4FFF-8C25-3AFB43A7292C}.Release|Any CPU.Build.0 = Release|Any CPU
		{D3FD0E00-EED8-428A-953F-2B142CF96BF1}.Debug|Any CPU.ActiveCfg = Debug|Any CPU
		{D3FD0E00-EED8-428A-953F-2B142CF96BF1}.Debug|Any CPU.Build.0 = Debug|Any CPU
		{D3FD0E00-EED8-428A-953F-2B142CF96BF1}.Release|Any CPU.ActiveCfg = Release|Any CPU
		{D3FD0E00-EED8-428A-953F-2B142CF96BF1}.Release|Any CPU.Build.0 = Release|Any CPU
		{72BE284F-3691-4930-8203-638DD5F1AEC4}.Debug|Any CPU.ActiveCfg = Debug|Any CPU
		{72BE284F-3691-4930-8203-638DD5F1AEC4}.Debug|Any CPU.Build.0 = Debug|Any CPU
		{72BE284F-3691-4930-8203-638DD5F1AEC4}.Release|Any CPU.ActiveCfg = Release|Any CPU
		{72BE284F-3691-4930-8203-638DD5F1AEC4}.Release|Any CPU.Build.0 = Release|Any CPU
		{582F2F07-2C7D-44B6-9D4C-9DA1525CB380}.Debug|Any CPU.ActiveCfg = Debug|Any CPU
		{582F2F07-2C7D-44B6-9D4C-9DA1525CB380}.Debug|Any CPU.Build.0 = Debug|Any CPU
		{582F2F07-2C7D-44B6-9D4C-9DA1525CB380}.Release|Any CPU.ActiveCfg = Release|Any CPU
		{582F2F07-2C7D-44B6-9D4C-9DA1525CB380}.Release|Any CPU.Build.0 = Release|Any CPU
		{A14D8739-B6FB-4B92-9161-E26D200E5BF1}.Debug|Any CPU.ActiveCfg = Debug|Any CPU
		{A14D8739-B6FB-4B92-9161-E26D200E5BF1}.Debug|Any CPU.Build.0 = Debug|Any CPU
		{A14D8739-B6FB-4B92-9161-E26D200E5BF1}.Release|Any CPU.ActiveCfg = Release|Any CPU
		{A14D8739-B6FB-4B92-9161-E26D200E5BF1}.Release|Any CPU.Build.0 = Release|Any CPU
		{5B541BC5-4587-449B-BB1D-7A40029F33D0}.Debug|Any CPU.ActiveCfg = Debug|Any CPU
		{5B541BC5-4587-449B-BB1D-7A40029F33D0}.Debug|Any CPU.Build.0 = Debug|Any CPU
		{5B541BC5-4587-449B-BB1D-7A40029F33D0}.Release|Any CPU.ActiveCfg = Release|Any CPU
		{5B541BC5-4587-449B-BB1D-7A40029F33D0}.Release|Any CPU.Build.0 = Release|Any CPU
		{29F5CC08-19BE-434C-9F07-87168443A74D}.Debug|Any CPU.ActiveCfg = Debug|Any CPU
		{29F5CC08-19BE-434C-9F07-87168443A74D}.Debug|Any CPU.Build.0 = Debug|Any CPU
		{29F5CC08-19BE-434C-9F07-87168443A74D}.Release|Any CPU.ActiveCfg = Release|Any CPU
		{29F5CC08-19BE-434C-9F07-87168443A74D}.Release|Any CPU.Build.0 = Release|Any CPU
		{0791D162-4837-435B-97E4-9607444123F7}.Debug|Any CPU.ActiveCfg = Debug|Any CPU
		{0791D162-4837-435B-97E4-9607444123F7}.Debug|Any CPU.Build.0 = Debug|Any CPU
		{0791D162-4837-435B-97E4-9607444123F7}.Release|Any CPU.ActiveCfg = Release|Any CPU
		{0791D162-4837-435B-97E4-9607444123F7}.Release|Any CPU.Build.0 = Release|Any CPU
		{0389D80B-C671-4F02-87FA-3B33FCB7F5FC}.Debug|Any CPU.ActiveCfg = Debug|Any CPU
		{0389D80B-C671-4F02-87FA-3B33FCB7F5FC}.Debug|Any CPU.Build.0 = Debug|Any CPU
		{0389D80B-C671-4F02-87FA-3B33FCB7F5FC}.Release|Any CPU.ActiveCfg = Release|Any CPU
		{0389D80B-C671-4F02-87FA-3B33FCB7F5FC}.Release|Any CPU.Build.0 = Release|Any CPU
	EndGlobalSection
	GlobalSection(SolutionProperties) = preSolution
		HideSolutionNode = FALSE
	EndGlobalSection
	GlobalSection(NestedProjects) = preSolution
		{0D1AF7E7-A929-4FFF-8C25-3AFB43A7292C} = {AC8DEC30-B5E1-4CC9-B199-BAE420252162}
		{D3FD0E00-EED8-428A-953F-2B142CF96BF1} = {AC8DEC30-B5E1-4CC9-B199-BAE420252162}
		{72BE284F-3691-4930-8203-638DD5F1AEC4} = {AC8DEC30-B5E1-4CC9-B199-BAE420252162}
		{582F2F07-2C7D-44B6-9D4C-9DA1525CB380} = {D3E59A93-57F4-4EF7-B9BC-BD93165ED0B8}
		{A14D8739-B6FB-4B92-9161-E26D200E5BF1} = {D3E59A93-57F4-4EF7-B9BC-BD93165ED0B8}
		{5B541BC5-4587-449B-BB1D-7A40029F33D0} = {E7C1581D-9BEE-4483-A3FA-BADDB6A81A39}
		{29F5CC08-19BE-434C-9F07-87168443A74D} = {E7C1581D-9BEE-4483-A3FA-BADDB6A81A39}
		{0791D162-4837-435B-97E4-9607444123F7} = {E7C1581D-9BEE-4483-A3FA-BADDB6A81A39}
	EndGlobalSection
	GlobalSection(ExtensibilityGlobals) = postSolution
		SolutionGuid = {57766CCE-E6B6-4F96-A468-87882C0BD70C}
	EndGlobalSection
EndGlobal
